
Microsoft Visual Studio Solution File, Format Version 12.00
# Visual Studio Version 16
VisualStudioVersion = 16.0.29613.14
MinimumVisualStudioVersion = 10.0.40219.1
Project("{FAE04EC0-301F-11D3-BF4B-00C04F79EFBC}") = "SitemaWeb", "SitemaWeb\SitemaWeb.csproj", "{9323A1B1-574D-4C9F-91B0-453D55D2EA6A}"
EndProject
Global
	GlobalSection(SolutionConfigurationPlatforms) = preSolution
		Debug|Any CPU = Debug|Any CPU
		Release|Any CPU = Release|Any CPU
	EndGlobalSection
	GlobalSection(ProjectConfigurationPlatforms) = postSolution
		{9323A1B1-574D-4C9F-91B0-453D55D2EA6A}.Debug|Any CPU.ActiveCfg = Debug|Any CPU
		{9323A1B1-574D-4C9F-91B0-453D55D2EA6A}.Debug|Any CPU.Build.0 = Debug|Any CPU
		{9323A1B1-574D-4C9F-91B0-453D55D2EA6A}.Release|Any CPU.ActiveCfg = Release|Any CPU
		{9323A1B1-574D-4C9F-91B0-453D55D2EA6A}.Release|Any CPU.Build.0 = Release|Any CPU
	EndGlobalSection
	GlobalSection(SolutionProperties) = preSolution
		HideSolutionNode = FALSE
	EndGlobalSection
	GlobalSection(ExtensibilityGlobals) = postSolution
		SolutionGuid = {A02B4968-CFF0-4122-9783-5E77CE25613E}
	EndGlobalSection
EndGlobal
